
Microsoft Visual Studio Solution File, Format Version 12.00
# Visual Studio Version 17
VisualStudioVersion = 17.4.33110.190
MinimumVisualStudioVersion = 10.0.40219.1
Project("{FAE04EC0-301F-11D3-BF4B-00C04F79EFBC}") = "TC1.1_MaxNumberPosition1", "TC1.1_MaxNumberPosition1.csproj", "{4E26E670-3430-4D8C-ABB6-4ECFDDA4D21C}"
EndProject
Global
	GlobalSection(SolutionConfigurationPlatforms) = preSolution
		Debug|Any CPU = Debug|Any CPU
		Release|Any CPU = Release|Any CPU
	EndGlobalSection
	GlobalSection(ProjectConfigurationPlatforms) = postSolution
		{4E26E670-3430-4D8C-ABB6-4ECFDDA4D21C}.Debug|Any CPU.ActiveCfg = Debug|Any CPU
		{4E26E670-3430-4D8C-ABB6-4ECFDDA4D21C}.Debug|Any CPU.Build.0 = Debug|Any CPU
		{4E26E670-3430-4D8C-ABB6-4ECFDDA4D21C}.Release|Any CPU.ActiveCfg = Release|Any CPU
		{4E26E670-3430-4D8C-ABB6-4ECFDDA4D21C}.Release|Any CPU.Build.0 = Release|Any CPU
	EndGlobalSection
	GlobalSection(SolutionProperties) = preSolution
		HideSolutionNode = FALSE
	EndGlobalSection
	GlobalSection(ExtensibilityGlobals) = postSolution
		SolutionGuid = {003ACCB4-A4A7-4E24-8575-D42BBF1FBEBA}
	EndGlobalSection
EndGlobal
